// !$*UTF8*$!
{
	archiveVersion = 1;
	classes = {
	};
	objectVersion = 77;
	objects = {

/* Begin PBXContainerItemProxy section */
		6A1D9D822DBCFD7600D22736 /* PBXContainerItemProxy */ = {
			isa = PBXContainerItemProxy;
			containerPortal = 6A1D9D6B2DBCFD7500D22736 /* Project object */;
			proxyType = 1;
			remoteGlobalIDString = 6A1D9D722DBCFD7500D22736;
			remoteInfo = AgroBalance;
		};
		6A1D9D8C2DBCFD7600D22736 /* PBXContainerItemProxy */ = {
			isa = PBXContainerItemProxy;
			containerPortal = 6A1D9D6B2DBCFD7500D22736 /* Project object */;
			proxyType = 1;
			remoteGlobalIDString = 6A1D9D722DBCFD7500D22736;
			remoteInfo = AgroBalance;
		};
/* End PBXContainerItemProxy section */

/* Begin PBXFileReference section */
		6A1D9D732DBCFD7500D22736 /* AgroBalance.app */ = {isa = PBXFileReference; explicitFileType = wrapper.application; includeInIndex = 0; path = AgroBalance.app; sourceTree = BUILT_PRODUCTS_DIR; };
		6A1D9D812DBCFD7600D22736 /* AgroBalanceTests.xctest */ = {isa = PBXFileReference; explicitFileType = wrapper.cfbundle; includeInIndex = 0; path = AgroBalanceTests.xctest; sourceTree = BUILT_PRODUCTS_DIR; };
		6A1D9D8B2DBCFD7600D22736 /* AgroBalanceUITests.xctest */ = {isa = PBXFileReference; explicitFileType = wrapper.cfbundle; includeInIndex = 0; path = AgroBalanceUITests.xctest; sourceTree = BUILT_PRODUCTS_DIR; };
/* End PBXFileReference section */

/* Begin PBXFileSystemSynchronizedBuildFileExceptionSet section */
		6AB6E82F2DBE7D8E00C7CCC5 /* Exceptions for "AgroBalance" folder in "AgroBalanceTests" target */ = {
			isa = PBXFileSystemSynchronizedBuildFileExceptionSet;
			membershipExceptions = (
				Crops.csv,
			);
			target = 6A1D9D802DBCFD7600D22736 /* AgroBalanceTests */;
		};
		6AB6E8302DBE7D8E00C7CCC5 /* Exceptions for "AgroBalance" folder in "AgroBalanceUITests" target */ = {
			isa = PBXFileSystemSynchronizedBuildFileExceptionSet;
			membershipExceptions = (
				Crops.csv,
			);
			target = 6A1D9D8A2DBCFD7600D22736 /* AgroBalanceUITests */;
		};
/* End PBXFileSystemSynchronizedBuildFileExceptionSet section */

/* Begin PBXFileSystemSynchronizedRootGroup section */
		6A1D9D752DBCFD7500D22736 /* AgroBalance */ = {
			isa = PBXFileSystemSynchronizedRootGroup;
			exceptions = (
				6AB6E82F2DBE7D8E00C7CCC5 /* Exceptions for "AgroBalance" folder in "AgroBalanceTests" target */,
				6AB6E8302DBE7D8E00C7CCC5 /* Exceptions for "AgroBalance" folder in "AgroBalanceUITests" target */,
			);
			path = AgroBalance;
			sourceTree = "<group>";
		};
		6A1D9D842DBCFD7600D22736 /* AgroBalanceTests */ = {
			isa = PBXFileSystemSynchronizedRootGroup;
			path = AgroBalanceTests;
			sourceTree = "<group>";
		};
		6A1D9D8E2DBCFD7600D22736 /* AgroBalanceUITests */ = {
			isa = PBXFileSystemSynchronizedRootGroup;
			path = AgroBalanceUITests;
			sourceTree = "<group>";
		};
/* End PBXFileSystemSynchronizedRootGroup section */

/* Begin PBXFrameworksBuildPhase section */
		6A1D9D702DBCFD7500D22736 /* Frameworks */ = {
			isa = PBXFrameworksBuildPhase;
			buildActionMask = 2147483647;
			files = (
			);
			runOnlyForDeploymentPostprocessing = 0;
		};
		6A1D9D7E2DBCFD7600D22736 /* Frameworks */ = {
			isa = PBXFrameworksBuildPhase;
			buildActionMask = 2147483647;
			files = (
			);
			runOnlyForDeploymentPostprocessing = 0;
		};
		6A1D9D882DBCFD7600D22736 /* Frameworks */ = {
			isa = PBXFrameworksBuildPhase;
			buildActionMask = 2147483647;
			files = (
			);
			runOnlyForDeploymentPostprocessing = 0;
		};
/* End PBXFrameworksBuildPhase section */

/* Begin PBXGroup section */
		6A0ACBC92DBD744B006C3438 /* Frameworks */ = {
			isa = PBXGroup;
			children = (
			);
			name = Frameworks;
			sourceTree = "<group>";
		};
		6A1D9D6A2DBCFD7500D22736 = {
			isa = PBXGroup;
			children = (
				6A1D9D752DBCFD7500D22736 /* AgroBalance */,
				6A1D9D842DBCFD7600D22736 /* AgroBalanceTests */,
				6A1D9D8E2DBCFD7600D22736 /* AgroBalanceUITests */,
				6A0ACBC92DBD744B006C3438 /* Frameworks */,
				6A1D9D742DBCFD7500D22736 /* Products */,
			);
			sourceTree = "<group>";
		};
		6A1D9D742DBCFD7500D22736 /* Products */ = {
			isa = PBXGroup;
			children = (
				6A1D9D732DBCFD7500D22736 /* AgroBalance.app */,
				6A1D9D812DBCFD7600D22736 /* AgroBalanceTests.xctest */,
				6A1D9D8B2DBCFD7600D22736 /* AgroBalanceUITests.xctest */,
			);
			name = Products;
			sourceTree = "<group>";
		};
/* End PBXGroup section */

/* Begin PBXNativeTarget section */
		6A1D9D722DBCFD7500D22736 /* AgroBalance */ = {
			isa = PBXNativeTarget;
			buildConfigurationList = 6A1D9D952DBCFD7600D22736 /* Build configuration list for PBXNativeTarget "AgroBalance" */;
			buildPhases = (
				6A1D9D6F2DBCFD7500D22736 /* Sources */,
				6A1D9D702DBCFD7500D22736 /* Frameworks */,
				6A1D9D712DBCFD7500D22736 /* Resources */,
			);
			buildRules = (
			);
			dependencies = (
			);
			fileSystemSynchronizedGroups = (
				6A1D9D752DBCFD7500D22736 /* AgroBalance */,
			);
			name = AgroBalance;
			packageProductDependencies = (
			);
			productName = AgroBalance;
			productReference = 6A1D9D732DBCFD7500D22736 /* AgroBalance.app */;
			productType = "com.apple.product-type.application";
		};
		6A1D9D802DBCFD7600D22736 /* AgroBalanceTests */ = {
			isa = PBXNativeTarget;
			buildConfigurationList = 6A1D9D982DBCFD7600D22736 /* Build configuration list for PBXNativeTarget "AgroBalanceTests" */;
			buildPhases = (
				6A1D9D7D2DBCFD7600D22736 /* Sources */,
				6A1D9D7E2DBCFD7600D22736 /* Frameworks */,
				6A1D9D7F2DBCFD7600D22736 /* Resources */,
			);
			buildRules = (
			);
			dependencies = (
				6A1D9D832DBCFD7600D22736 /* PBXTargetDependency */,
			);
			fileSystemSynchronizedGroups = (
				6A1D9D842DBCFD7600D22736 /* AgroBalanceTests */,
			);
			name = AgroBalanceTests;
			packageProductDependencies = (
			);
			productName = AgroBalanceTests;
			productReference = 6A1D9D812DBCFD7600D22736 /* AgroBalanceTests.xctest */;
			productType = "com.apple.product-type.bundle.unit-test";
		};
		6A1D9D8A2DBCFD7600D22736 /* AgroBalanceUITests */ = {
			isa = PBXNativeTarget;
			buildConfigurationList = 6A1D9D9B2DBCFD7600D22736 /* Build configuration list for PBXNativeTarget "AgroBalanceUITests" */;
			buildPhases = (
				6A1D9D872DBCFD7600D22736 /* Sources */,
				6A1D9D882DBCFD7600D22736 /* Frameworks */,
				6A1D9D892DBCFD7600D22736 /* Resources */,
			);
			buildRules = (
			);
			dependencies = (
				6A1D9D8D2DBCFD7600D22736 /* PBXTargetDependency */,
			);
			fileSystemSynchronizedGroups = (
				6A1D9D8E2DBCFD7600D22736 /* AgroBalanceUITests */,
			);
			name = AgroBalanceUITests;
			packageProductDependencies = (
			);
			productName = AgroBalanceUITests;
			productReference = 6A1D9D8B2DBCFD7600D22736 /* AgroBalanceUITests.xctest */;
			productType = "com.apple.product-type.bundle.ui-testing";
		};
/* End PBXNativeTarget section */

/* Begin PBXProject section */
		6A1D9D6B2DBCFD7500D22736 /* Project object */ = {
			isa = PBXProject;
			attributes = {
				BuildIndependentTargetsInParallel = 1;
				KnownAssetTags = (
					New,
				);
				LastSwiftUpdateCheck = 1630;
				LastUpgradeCheck = 1630;
				TargetAttributes = {
					6A1D9D722DBCFD7500D22736 = {
						CreatedOnToolsVersion = 16.3;
					};
					6A1D9D802DBCFD7600D22736 = {
						CreatedOnToolsVersion = 16.3;
						TestTargetID = 6A1D9D722DBCFD7500D22736;
					};
					6A1D9D8A2DBCFD7600D22736 = {
						CreatedOnToolsVersion = 16.3;
						TestTargetID = 6A1D9D722DBCFD7500D22736;
					};
				};
			};
			buildConfigurationList = 6A1D9D6E2DBCFD7500D22736 /* Build configuration list for PBXProject "AgroBalance" */;
			developmentRegion = en;
			hasScannedForEncodings = 0;
			knownRegions = (
				en,
				Base,
			);
			mainGroup = 6A1D9D6A2DBCFD7500D22736;
			minimizedProjectReferenceProxies = 1;
			preferredProjectObjectVersion = 77;
			productRefGroup = 6A1D9D742DBCFD7500D22736 /* Products */;
			projectDirPath = "";
			projectRoot = "";
			targets = (
				6A1D9D722DBCFD7500D22736 /* AgroBalance */,
				6A1D9D802DBCFD7600D22736 /* AgroBalanceTests */,
				6A1D9D8A2DBCFD7600D22736 /* AgroBalanceUITests */,
			);
		};
/* End PBXProject section */

/* Begin PBXResourcesBuildPhase section */
		6A1D9D712DBCFD7500D22736 /* Resources */ = {
			isa = PBXResourcesBuildPhase;
			buildActionMask = 2147483647;
			files = (
			);
			runOnlyForDeploymentPostprocessing = 0;
		};
		6A1D9D7F2DBCFD7600D22736 /* Resources */ = {
			isa = PBXResourcesBuildPhase;
			buildActionMask = 2147483647;
			files = (
			);
			runOnlyForDeploymentPostprocessing = 0;
		};
		6A1D9D892DBCFD7600D22736 /* Resources */ = {
			isa = PBXResourcesBuildPhase;
			buildActionMask = 2147483647;
			files = (
			);
			runOnlyForDeploymentPostprocessing = 0;
		};
/* End PBXResourcesBuildPhase section */

/* Begin PBXSourcesBuildPhase section */
		6A1D9D6F2DBCFD7500D22736 /* Sources */ = {
			isa = PBXSourcesBuildPhase;
			buildActionMask = 2147483647;
			files = (
			);
			runOnlyForDeploymentPostprocessing = 0;
		};
		6A1D9D7D2DBCFD7600D22736 /* Sources */ = {
			isa = PBXSourcesBuildPhase;
			buildActionMask = 2147483647;
			files = (
			);
			runOnlyForDeploymentPostprocessing = 0;
		};
		6A1D9D872DBCFD7600D22736 /* Sources */ = {
			isa = PBXSourcesBuildPhase;
			buildActionMask = 2147483647;
			files = (
			);
			runOnlyForDeploymentPostprocessing = 0;
		};
/* End PBXSourcesBuildPhase section */

/* Begin PBXTargetDependency section */
		6A1D9D832DBCFD7600D22736 /* PBXTargetDependency */ = {
			isa = PBXTargetDependency;
			target = 6A1D9D722DBCFD7500D22736 /* AgroBalance */;
			targetProxy = 6A1D9D822DBCFD7600D22736 /* PBXContainerItemProxy */;
		};
		6A1D9D8D2DBCFD7600D22736 /* PBXTargetDependency */ = {
			isa = PBXTargetDependency;
			target = 6A1D9D722DBCFD7500D22736 /* AgroBalance */;
			targetProxy = 6A1D9D8C2DBCFD7600D22736 /* PBXContainerItemProxy */;
		};
/* End PBXTargetDependency section */

/* Begin XCBuildConfiguration section */
		6A1D9D932DBCFD7600D22736 /* Debug */ = {
			isa = XCBuildConfiguration;
			buildSettings = {
				ALWAYS_SEARCH_USER_PATHS = NO;
				ASSETCATALOG_COMPILER_GENERATE_SWIFT_ASSET_SYMBOL_EXTENSIONS = YES;
				CLANG_ANALYZER_NONNULL = YES;
				CLANG_ANALYZER_NUMBER_OBJECT_CONVERSION = YES_AGGRESSIVE;
				CLANG_CXX_LANGUAGE_STANDARD = "gnu++20";
				CLANG_ENABLE_MODULES = YES;
				CLANG_ENABLE_OBJC_ARC = YES;
				CLANG_ENABLE_OBJC_WEAK = YES;
				CLANG_WARN_BLOCK_CAPTURE_AUTORELEASING = YES;
				CLANG_WARN_BOOL_CONVERSION = YES;
				CLANG_WARN_COMMA = YES;
				CLANG_WARN_CONSTANT_CONVERSION = YES;
				CLANG_WARN_DEPRECATED_OBJC_IMPLEMENTATIONS = YES;
				CLANG_WARN_DIRECT_OBJC_ISA_USAGE = YES_ERROR;
				CLANG_WARN_DOCUMENTATION_COMMENTS = YES;
				CLANG_WARN_EMPTY_BODY = YES;
				CLANG_WARN_ENUM_CONVERSION = YES;
				CLANG_WARN_INFINITE_RECURSION = YES;
				CLANG_WARN_INT_CONVERSION = YES;
				CLANG_WARN_NON_LITERAL_NULL_CONVERSION = YES;
				CLANG_WARN_OBJC_IMPLICIT_RETAIN_SELF = YES;
				CLANG_WARN_OBJC_LITERAL_CONVERSION = YES;
				CLANG_WARN_OBJC_ROOT_CLASS = YES_ERROR;
				CLANG_WARN_QUOTED_INCLUDE_IN_FRAMEWORK_HEADER = YES;
				CLANG_WARN_RANGE_LOOP_ANALYSIS = YES;
				CLANG_WARN_STRICT_PROTOTYPES = YES;
				CLANG_WARN_SUSPICIOUS_MOVE = YES;
				CLANG_WARN_UNGUARDED_AVAILABILITY = YES_AGGRESSIVE;
				CLANG_WARN_UNREACHABLE_CODE = YES;
				CLANG_WARN__DUPLICATE_METHOD_MATCH = YES;
				COPY_PHASE_STRIP = NO;
				DEBUG_INFORMATION_FORMAT = dwarf;
				DEVELOPMENT_TEAM = 826T4559PV;
				ENABLE_STRICT_OBJC_MSGSEND = YES;
				ENABLE_TESTABILITY = YES;
				ENABLE_USER_SCRIPT_SANDBOXING = YES;
				GCC_C_LANGUAGE_STANDARD = gnu17;
				GCC_DYNAMIC_NO_PIC = NO;
				GCC_NO_COMMON_BLOCKS = YES;
				GCC_OPTIMIZATION_LEVEL = 0;
				GCC_PREPROCESSOR_DEFINITIONS = (
					"DEBUG=1",
					"$(inherited)",
				);
				GCC_WARN_64_TO_32_BIT_CONVERSION = YES;
				GCC_WARN_ABOUT_RETURN_TYPE = YES_ERROR;
				GCC_WARN_UNDECLARED_SELECTOR = YES;
				GCC_WARN_UNINITIALIZED_AUTOS = YES_AGGRESSIVE;
				GCC_WARN_UNUSED_FUNCTION = YES;
				GCC_WARN_UNUSED_VARIABLE = YES;
				LOCALIZATION_PREFERS_STRING_CATALOGS = YES;
				MACOSX_DEPLOYMENT_TARGET = 15.4;
				MTL_ENABLE_DEBUG_INFO = INCLUDE_SOURCE;
				MTL_FAST_MATH = YES;
				ONLY_ACTIVE_ARCH = YES;
				SDKROOT = macosx;
				SWIFT_ACTIVE_COMPILATION_CONDITIONS = "DEBUG $(inherited)";
				SWIFT_OPTIMIZATION_LEVEL = "-Onone";
			};
			name = Debug;
		};
		6A1D9D942DBCFD7600D22736 /* Release */ = {
			isa = XCBuildConfiguration;
			buildSettings = {
				ALWAYS_SEARCH_USER_PATHS = NO;
				ASSETCATALOG_COMPILER_GENERATE_SWIFT_ASSET_SYMBOL_EXTENSIONS = YES;
				CLANG_ANALYZER_NONNULL = YES;
				CLANG_ANALYZER_NUMBER_OBJECT_CONVERSION = YES_AGGRESSIVE;
				CLANG_CXX_LANGUAGE_STANDARD = "gnu++20";
				CLANG_ENABLE_MODULES = YES;
				CLANG_ENABLE_OBJC_ARC = YES;
				CLANG_ENABLE_OBJC_WEAK = YES;
				CLANG_WARN_BLOCK_CAPTURE_AUTORELEASING = YES;
				CLANG_WARN_BOOL_CONVERSION = YES;
				CLANG_WARN_COMMA = YES;
				CLANG_WARN_CONSTANT_CONVERSION = YES;
				CLANG_WARN_DEPRECATED_OBJC_IMPLEMENTATIONS = YES;
				CLANG_WARN_DIRECT_OBJC_ISA_USAGE = YES_ERROR;
				CLANG_WARN_DOCUMENTATION_COMMENTS = YES;
				CLANG_WARN_EMPTY_BODY = YES;
				CLANG_WARN_ENUM_CONVERSION = YES;
				CLANG_WARN_INFINITE_RECURSION = YES;
				CLANG_WARN_INT_CONVERSION = YES;
				CLANG_WARN_NON_LITERAL_NULL_CONVERSION = YES;
				CLANG_WARN_OBJC_IMPLICIT_RETAIN_SELF = YES;
				CLANG_WARN_OBJC_LITERAL_CONVERSION = YES;
				CLANG_WARN_OBJC_ROOT_CLASS = YES_ERROR;
				CLANG_WARN_QUOTED_INCLUDE_IN_FRAMEWORK_HEADER = YES;
				CLANG_WARN_RANGE_LOOP_ANALYSIS = YES;
				CLANG_WARN_STRICT_PROTOTYPES = YES;
				CLANG_WARN_SUSPICIOUS_MOVE = YES;
				CLANG_WARN_UNGUARDED_AVAILABILITY = YES_AGGRESSIVE;
				CLANG_WARN_UNREACHABLE_CODE = YES;
				CLANG_WARN__DUPLICATE_METHOD_MATCH = YES;
				COPY_PHASE_STRIP = NO;
				DEBUG_INFORMATION_FORMAT = "dwarf-with-dsym";
				DEVELOPMENT_TEAM = 826T4559PV;
				ENABLE_NS_ASSERTIONS = NO;
				ENABLE_STRICT_OBJC_MSGSEND = YES;
				ENABLE_USER_SCRIPT_SANDBOXING = YES;
				GCC_C_LANGUAGE_STANDARD = gnu17;
				GCC_NO_COMMON_BLOCKS = YES;
				GCC_WARN_64_TO_32_BIT_CONVERSION = YES;
				GCC_WARN_ABOUT_RETURN_TYPE = YES_ERROR;
				GCC_WARN_UNDECLARED_SELECTOR = YES;
				GCC_WARN_UNINITIALIZED_AUTOS = YES_AGGRESSIVE;
				GCC_WARN_UNUSED_FUNCTION = YES;
				GCC_WARN_UNUSED_VARIABLE = YES;
				LOCALIZATION_PREFERS_STRING_CATALOGS = YES;
				MACOSX_DEPLOYMENT_TARGET = 15.4;
				MTL_ENABLE_DEBUG_INFO = NO;
				MTL_FAST_MATH = YES;
				ONLY_ACTIVE_ARCH = YES;
				SDKROOT = macosx;
				SWIFT_COMPILATION_MODE = wholemodule;
			};
			name = Release;
		};
		6A1D9D962DBCFD7600D22736 /* Debug */ = {
			isa = XCBuildConfiguration;
			buildSettings = {
				ASSETCATALOG_COMPILER_APPICON_NAME = AppIcon;
				ASSETCATALOG_COMPILER_GLOBAL_ACCENT_COLOR_NAME = AccentColor;
				CODE_SIGN_ENTITLEMENTS = AgroBalance/AgroBalance.entitlements;
				"CODE_SIGN_IDENTITY[sdk=macosx*]" = "-";
				CODE_SIGN_STYLE = Automatic;
				COMBINE_HIDPI_IMAGES = YES;
				CURRENT_PROJECT_VERSION = 1;
				DEVELOPMENT_TEAM = 826T4559PV;
				ENABLE_HARDENED_RUNTIME = YES;
				ENABLE_PREVIEWS = YES;
				GENERATE_INFOPLIST_FILE = YES;
				INFOPLIST_KEY_CFBundleDisplayName = Agro;
				INFOPLIST_KEY_LSApplicationCategoryType = "public.app-category.education";
				INFOPLIST_KEY_NSHumanReadableCopyright = "";
				INFOPLIST_KEY_UIStatusBarStyle = "";
				INFOPLIST_KEY_UISupportedInterfaceOrientations = UIInterfaceOrientationLandscapeLeft;
				INFOPLIST_KEY_UISupportedInterfaceOrientations_iPad = UIInterfaceOrientationPortrait;
				LD_RUNPATH_SEARCH_PATHS = (
					"$(inherited)",
					"@executable_path/../Frameworks",
				);
				MARKETING_VERSION = 1.0;
				PRODUCT_BUNDLE_IDENTIFIER = com.AndreyZhuravlev.AgroBalance;
				PRODUCT_NAME = "$(TARGET_NAME)";
				REGISTER_APP_GROUPS = YES;
				SUPPORTED_PLATFORMS = "iphoneos iphonesimulator macosx";
				SUPPORTS_MACCATALYST = NO;
				SWIFT_EMIT_LOC_STRINGS = YES;
				SWIFT_VERSION = 5.0;
				TARGETED_DEVICE_FAMILY = "1,2";
			};
			name = Debug;
		};
		6A1D9D972DBCFD7600D22736 /* Release */ = {
			isa = XCBuildConfiguration;
			buildSettings = {
				ASSETCATALOG_COMPILER_APPICON_NAME = AppIcon;
				ASSETCATALOG_COMPILER_GLOBAL_ACCENT_COLOR_NAME = AccentColor;
				CODE_SIGN_ENTITLEMENTS = AgroBalance/AgroBalance.entitlements;
				"CODE_SIGN_IDENTITY[sdk=macosx*]" = "-";
				CODE_SIGN_STYLE = Automatic;
				COMBINE_HIDPI_IMAGES = YES;
				CURRENT_PROJECT_VERSION = 1;
				DEVELOPMENT_TEAM = 826T4559PV;
				ENABLE_HARDENED_RUNTIME = YES;
				ENABLE_PREVIEWS = YES;
				GENERATE_INFOPLIST_FILE = YES;
				INFOPLIST_KEY_CFBundleDisplayName = Agro;
				INFOPLIST_KEY_LSApplicationCategoryType = "public.app-category.education";
				INFOPLIST_KEY_NSHumanReadableCopyright = "";
				INFOPLIST_KEY_UIStatusBarStyle = "";
				INFOPLIST_KEY_UISupportedInterfaceOrientations = UIInterfaceOrientationLandscapeLeft;
				INFOPLIST_KEY_UISupportedInterfaceOrientations_iPad = UIInterfaceOrientationPortrait;
				LD_RUNPATH_SEARCH_PATHS = (
					"$(inherited)",
					"@executable_path/../Frameworks",
				);
				MARKETING_VERSION = 1.0;
				PRODUCT_BUNDLE_IDENTIFIER = com.AndreyZhuravlev.AgroBalance;
				PRODUCT_NAME = "$(TARGET_NAME)";
				REGISTER_APP_GROUPS = YES;
				SUPPORTED_PLATFORMS = "iphoneos iphonesimulator macosx";
				SUPPORTS_MACCATALYST = NO;
				SWIFT_EMIT_LOC_STRINGS = YES;
				SWIFT_VERSION = 5.0;
				TARGETED_DEVICE_FAMILY = "1,2";
			};
			name = Release;
		};
		6A1D9D992DBCFD7600D22736 /* Debug */ = {
			isa = XCBuildConfiguration;
			buildSettings = {
				BUNDLE_LOADER = "$(TEST_HOST)";
				CODE_SIGN_STYLE = Automatic;
				CURRENT_PROJECT_VERSION = 1;
				DEVELOPMENT_TEAM = 826T4559PV;
				GENERATE_INFOPLIST_FILE = YES;
				MACOSX_DEPLOYMENT_TARGET = 15.4;
				MARKETING_VERSION = 1.0;
				PRODUCT_BUNDLE_IDENTIFIER = com.AndreyZhuravlev.AgroBalanceTests;
				PRODUCT_NAME = "$(TARGET_NAME)";
				SWIFT_EMIT_LOC_STRINGS = NO;
				SWIFT_VERSION = 5.0;
				TEST_HOST = "$(BUILT_PRODUCTS_DIR)/AgroBalance.app/$(BUNDLE_EXECUTABLE_FOLDER_PATH)/AgroBalance";
			};
			name = Debug;
		};
		6A1D9D9A2DBCFD7600D22736 /* Release */ = {
			isa = XCBuildConfiguration;
			buildSettings = {
				BUNDLE_LOADER = "$(TEST_HOST)";
				CODE_SIGN_STYLE = Automatic;
				CURRENT_PROJECT_VERSION = 1;
				DEVELOPMENT_TEAM = 826T4559PV;
				GENERATE_INFOPLIST_FILE = YES;
				MACOSX_DEPLOYMENT_TARGET = 15.4;
				MARKETING_VERSION = 1.0;
				PRODUCT_BUNDLE_IDENTIFIER = com.AndreyZhuravlev.AgroBalanceTests;
				PRODUCT_NAME = "$(TARGET_NAME)";
				SWIFT_EMIT_LOC_STRINGS = NO;
				SWIFT_VERSION = 5.0;
				TEST_HOST = "$(BUILT_PRODUCTS_DIR)/AgroBalance.app/$(BUNDLE_EXECUTABLE_FOLDER_PATH)/AgroBalance";
			};
			name = Release;
		};
		6A1D9D9C2DBCFD7600D22736 /* Debug */ = {
			isa = XCBuildConfiguration;
			buildSettings = {
				CODE_SIGN_STYLE = Automatic;
				CURRENT_PROJECT_VERSION = 1;
				DEVELOPMENT_TEAM = 826T4559PV;
				GENERATE_INFOPLIST_FILE = YES;
				MARKETING_VERSION = 1.0;
				PRODUCT_BUNDLE_IDENTIFIER = com.AndreyZhuravlev.AgroBalanceUITests;
				PRODUCT_NAME = "$(TARGET_NAME)";
				SWIFT_EMIT_LOC_STRINGS = NO;
				SWIFT_VERSION = 5.0;
				TEST_TARGET_NAME = AgroBalance;
			};
			name = Debug;
		};
		6A1D9D9D2DBCFD7600D22736 /* Release */ = {
			isa = XCBuildConfiguration;
			buildSettings = {
				CODE_SIGN_STYLE = Automatic;
				CURRENT_PROJECT_VERSION = 1;
				DEVELOPMENT_TEAM = 826T4559PV;
				GENERATE_INFOPLIST_FILE = YES;
				MARKETING_VERSION = 1.0;
				PRODUCT_BUNDLE_IDENTIFIER = com.AndreyZhuravlev.AgroBalanceUITests;
				PRODUCT_NAME = "$(TARGET_NAME)";
				SWIFT_EMIT_LOC_STRINGS = NO;
				SWIFT_VERSION = 5.0;
				TEST_TARGET_NAME = AgroBalance;
			};
			name = Release;
		};
/* End XCBuildConfiguration section */

/* Begin XCConfigurationList section */
		6A1D9D6E2DBCFD7500D22736 /* Build configuration list for PBXProject "AgroBalance" */ = {
			isa = XCConfigurationList;
			buildConfigurations = (
				6A1D9D932DBCFD7600D22736 /* Debug */,
				6A1D9D942DBCFD7600D22736 /* Release */,
			);
			defaultConfigurationIsVisible = 0;
			defaultConfigurationName = Release;
		};
		6A1D9D952DBCFD7600D22736 /* Build configuration list for PBXNativeTarget "AgroBalance" */ = {
			isa = XCConfigurationList;
			buildConfigurations = (
				6A1D9D962DBCFD7600D22736 /* Debug */,
				6A1D9D972DBCFD7600D22736 /* Release */,
			);
			defaultConfigurationIsVisible = 0;
			defaultConfigurationName = Release;
		};
		6A1D9D982DBCFD7600D22736 /* Build configuration list for PBXNativeTarget "AgroBalanceTests" */ = {
			isa = XCConfigurationList;
			buildConfigurations = (
				6A1D9D992DBCFD7600D22736 /* Debug */,
				6A1D9D9A2DBCFD7600D22736 /* Release */,
			);
			defaultConfigurationIsVisible = 0;
			defaultConfigurationName = Release;
		};
		6A1D9D9B2DBCFD7600D22736 /* Build configuration list for PBXNativeTarget "AgroBalanceUITests" */ = {
			isa = XCConfigurationList;
			buildConfigurations = (
				6A1D9D9C2DBCFD7600D22736 /* Debug */,
				6A1D9D9D2DBCFD7600D22736 /* Release */,
			);
			defaultConfigurationIsVisible = 0;
			defaultConfigurationName = Release;
		};
/* End XCConfigurationList section */
	};
	rootObject = 6A1D9D6B2DBCFD7500D22736 /* Project object */;
}
